// !$*UTF8*$!
{
	archiveVersion = 1;
	classes = {
	};
	objectVersion = 55;
	objects = {

/* Begin PBXBuildFile section */
		6ED94887284E45FB007ADA00 /* ClientListViewController.swift in Sources */ = {isa = PBXBuildFile; fileRef = 6ED94886284E45FB007ADA00 /* ClientListViewController.swift */; };
		6EED3E9628328E7F00481EF7 /* AppDelegate.swift in Sources */ = {isa = PBXBuildFile; fileRef = 6EED3E9528328E7F00481EF7 /* AppDelegate.swift */; };
		6EED3E9828328E7F00481EF7 /* SceneDelegate.swift in Sources */ = {isa = PBXBuildFile; fileRef = 6EED3E9728328E7F00481EF7 /* SceneDelegate.swift */; };
		6EED3E9A28328E7F00481EF7 /* MainViewController.swift in Sources */ = {isa = PBXBuildFile; fileRef = 6EED3E9928328E7F00481EF7 /* MainViewController.swift */; };
		6EED3E9D28328E7F00481EF7 /* Main.storyboard in Resources */ = {isa = PBXBuildFile; fileRef = 6EED3E9B28328E7F00481EF7 /* Main.storyboard */; };
		6EED3E9F28328E8400481EF7 /* Assets.xcassets in Resources */ = {isa = PBXBuildFile; fileRef = 6EED3E9E28328E8400481EF7 /* Assets.xcassets */; };
		6EED3EA228328E8400481EF7 /* LaunchScreen.storyboard in Resources */ = {isa = PBXBuildFile; fileRef = 6EED3EA028328E8400481EF7 /* LaunchScreen.storyboard */; };
		6EED3EB02832A77600481EF7 /* LoginViewController.swift in Sources */ = {isa = PBXBuildFile; fileRef = 6EED3EAF2832A77500481EF7 /* LoginViewController.swift */; };
		6EED3EB22832A78800481EF7 /* SignUpViewController.swift in Sources */ = {isa = PBXBuildFile; fileRef = 6EED3EB12832A78800481EF7 /* SignUpViewController.swift */; };
		6EED3EB42832AF2E00481EF7 /* GoogleService-Info.plist in Resources */ = {isa = PBXBuildFile; fileRef = 6EED3EB32832AF2E00481EF7 /* GoogleService-Info.plist */; };
		6EED3EB72832E44700481EF7 /* Constants.swift in Sources */ = {isa = PBXBuildFile; fileRef = 6EED3EB62832E44700481EF7 /* Constants.swift */; };
		6EED3EB92832E52400481EF7 /* Utilities.swift in Sources */ = {isa = PBXBuildFile; fileRef = 6EED3EB82832E52400481EF7 /* Utilities.swift */; };
		6EED3EBF28352D7D00481EF7 /* FamilyMemberListController.swift in Sources */ = {isa = PBXBuildFile; fileRef = 6EED3EBE28352D7D00481EF7 /* FamilyMemberListController.swift */; };
		6EED3EC22835320B00481EF7 /* FamilyMember.swift in Sources */ = {isa = PBXBuildFile; fileRef = 6EED3EC12835320B00481EF7 /* FamilyMember.swift */; };
		6EED3EC42835338B00481EF7 /* Gender.swift in Sources */ = {isa = PBXBuildFile; fileRef = 6EED3EC32835338B00481EF7 /* Gender.swift */; };
		6EED3EC82835382F00481EF7 /* FamilyMemberTableViewCell.swift in Sources */ = {isa = PBXBuildFile; fileRef = 6EED3EC62835382F00481EF7 /* FamilyMemberTableViewCell.swift */; };
		6EED3EC92835382F00481EF7 /* FamilyMemberTableViewCell.xib in Resources */ = {isa = PBXBuildFile; fileRef = 6EED3EC72835382F00481EF7 /* FamilyMemberTableViewCell.xib */; };
		6EED3ECD2835770900481EF7 /* FamilyMemberDetailController.swift in Sources */ = {isa = PBXBuildFile; fileRef = 6EED3ECC2835770900481EF7 /* FamilyMemberDetailController.swift */; };
		6EED3ECF2835C3CD00481EF7 /* UITextViewPlaceHolder+extension.swift in Sources */ = {isa = PBXBuildFile; fileRef = 6EED3ECE2835C3CD00481EF7 /* UITextViewPlaceHolder+extension.swift */; };
		6EED3ED22835D7B700481EF7 /* GenderTableViewController.swift in Sources */ = {isa = PBXBuildFile; fileRef = 6EED3ED12835D7B700481EF7 /* GenderTableViewController.swift */; };
		6EED3ED42836779A00481EF7 /* UserType.swift in Sources */ = {isa = PBXBuildFile; fileRef = 6EED3ED32836779A00481EF7 /* UserType.swift */; };
		6EED3ED62836780300481EF7 /* User.swift in Sources */ = {isa = PBXBuildFile; fileRef = 6EED3ED52836780300481EF7 /* User.swift */; };
		6EF8ADEB2837D04D00EA002E /* UIImageView+Extension.swift in Sources */ = {isa = PBXBuildFile; fileRef = 6EF8ADEA2837D04C00EA002E /* UIImageView+Extension.swift */; };
		6EF8ADED283ACB8700EA002E /* ImageStorageService.swift in Sources */ = {isa = PBXBuildFile; fileRef = 6EF8ADEC283ACB8700EA002E /* ImageStorageService.swift */; };
		6EF8ADEF283ED5F000EA002E /* ShiftListViewController.swift in Sources */ = {isa = PBXBuildFile; fileRef = 6EF8ADEE283ED5F000EA002E /* ShiftListViewController.swift */; };
		6EF8ADF1283EE4FA00EA002E /* ShiftDetailViewController.swift in Sources */ = {isa = PBXBuildFile; fileRef = 6EF8ADF0283EE4FA00EA002E /* ShiftDetailViewController.swift */; };
		6EF8ADF3283F150100EA002E /* Shift.swift in Sources */ = {isa = PBXBuildFile; fileRef = 6EF8ADF2283F150100EA002E /* Shift.swift */; };
		6EF8ADF5283F15EE00EA002E /* Task.swift in Sources */ = {isa = PBXBuildFile; fileRef = 6EF8ADF4283F15EE00EA002E /* Task.swift */; };
		6EF8ADF7283F180600EA002E /* ShiftDbService.swift in Sources */ = {isa = PBXBuildFile; fileRef = 6EF8ADF6283F180600EA002E /* ShiftDbService.swift */; };
		6EF8ADF9283FD18B00EA002E /* TaskListViewController.swift in Sources */ = {isa = PBXBuildFile; fileRef = 6EF8ADF8283FD18B00EA002E /* TaskListViewController.swift */; };
		6EF8ADFB283FD24500EA002E /* TaskDetailViewController.swift in Sources */ = {isa = PBXBuildFile; fileRef = 6EF8ADFA283FD24500EA002E /* TaskDetailViewController.swift */; };
		6EF8ADFE2840219E00EA002E /* UserDbService.swift in Sources */ = {isa = PBXBuildFile; fileRef = 6EF8ADFD2840219E00EA002E /* UserDbService.swift */; };
		6EF8AE00284024BD00EA002E /* FamilyMemberDbService.swift in Sources */ = {isa = PBXBuildFile; fileRef = 6EF8ADFF284024BD00EA002E /* FamilyMemberDbService.swift */; };
		6EF8AE022841233200EA002E /* CareProviderListController.swift in Sources */ = {isa = PBXBuildFile; fileRef = 6EF8AE012841233200EA002E /* CareProviderListController.swift */; };
		6EF8AE04284145A100EA002E /* ShiftStatus.swift in Sources */ = {isa = PBXBuildFile; fileRef = 6EF8AE03284145A100EA002E /* ShiftStatus.swift */; };
		6EF8AE08284509DB00EA002E /* SideMenuModel.swift in Sources */ = {isa = PBXBuildFile; fileRef = 6EF8AE07284509DB00EA002E /* SideMenuModel.swift */; };
		6EF8AE0B28450A4B00EA002E /* SideMenuCell.swift in Sources */ = {isa = PBXBuildFile; fileRef = 6EF8AE0928450A4B00EA002E /* SideMenuCell.swift */; };
		6EF8AE0C28450A4B00EA002E /* SideMenuCell.xib in Resources */ = {isa = PBXBuildFile; fileRef = 6EF8AE0A28450A4B00EA002E /* SideMenuCell.xib */; };
		6EF8AE0E28454CC900EA002E /* PageContainerViewController.swift in Sources */ = {isa = PBXBuildFile; fileRef = 6EF8AE0D28454CC900EA002E /* PageContainerViewController.swift */; };
		6EF8AE10284577C400EA002E /* DummyViewController.swift in Sources */ = {isa = PBXBuildFile; fileRef = 6EF8AE0F284577C400EA002E /* DummyViewController.swift */; };
		6EF8AE1828457EE800EA002E /* SideNavigationMenuViewController.swift in Sources */ = {isa = PBXBuildFile; fileRef = 6EF8AE1728457EE800EA002E /* SideNavigationMenuViewController.swift */; };
		6EF8AE1A2845B39C00EA002E /* PageId.swift in Sources */ = {isa = PBXBuildFile; fileRef = 6EF8AE192845B39B00EA002E /* PageId.swift */; };
		6EF8AE1E28464C7600EA002E /* UserProfileDetailController.swift in Sources */ = {isa = PBXBuildFile; fileRef = 6EF8AE1D28464C7600EA002E /* UserProfileDetailController.swift */; };
		6EF8AE202846C30300EA002E /* DocumentListViewController.swift in Sources */ = {isa = PBXBuildFile; fileRef = 6EF8AE1F2846C30300EA002E /* DocumentListViewController.swift */; };
		6EF8AE242846CB5700EA002E /* DocumentStorageService.swift in Sources */ = {isa = PBXBuildFile; fileRef = 6EF8AE232846CB5700EA002E /* DocumentStorageService.swift */; };
		6EF8AE262847BD5900EA002E /* Document.swift in Sources */ = {isa = PBXBuildFile; fileRef = 6EF8AE252847BD5900EA002E /* Document.swift */; };
		6EF8AE28284962C700EA002E /* FileWebDocumentViewController.swift in Sources */ = {isa = PBXBuildFile; fileRef = 6EF8AE27284962C700EA002E /* FileWebDocumentViewController.swift */; };
		CDEAA23D60C7EFA3B721A081 /* Pods_ElderlyCareJournal.framework in Frameworks */ = {isa = PBXBuildFile; fileRef = FFDDD401A84513A1D3A0E8BC /* Pods_ElderlyCareJournal.framework */; };
/* End PBXBuildFile section */

/* Begin PBXFileReference section */
		6ED94886284E45FB007ADA00 /* ClientListViewController.swift */ = {isa = PBXFileReference; lastKnownFileType = sourcecode.swift; path = ClientListViewController.swift; sourceTree = "<group>"; };
		6EED3E9228328E7F00481EF7 /* ElderlyCareJournal.app */ = {isa = PBXFileReference; explicitFileType = wrapper.application; includeInIndex = 0; path = ElderlyCareJournal.app; sourceTree = BUILT_PRODUCTS_DIR; };
		6EED3E9528328E7F00481EF7 /* AppDelegate.swift */ = {isa = PBXFileReference; lastKnownFileType = sourcecode.swift; path = AppDelegate.swift; sourceTree = "<group>"; };
		6EED3E9728328E7F00481EF7 /* SceneDelegate.swift */ = {isa = PBXFileReference; lastKnownFileType = sourcecode.swift; path = SceneDelegate.swift; sourceTree = "<group>"; };
		6EED3E9928328E7F00481EF7 /* MainViewController.swift */ = {isa = PBXFileReference; lastKnownFileType = sourcecode.swift; path = MainViewController.swift; sourceTree = "<group>"; };
		6EED3E9C28328E7F00481EF7 /* Base */ = {isa = PBXFileReference; lastKnownFileType = file.storyboard; name = Base; path = Base.lproj/Main.storyboard; sourceTree = "<group>"; };
		6EED3E9E28328E8400481EF7 /* Assets.xcassets */ = {isa = PBXFileReference; lastKnownFileType = folder.assetcatalog; path = Assets.xcassets; sourceTree = "<group>"; };
		6EED3EA128328E8400481EF7 /* Base */ = {isa = PBXFileReference; lastKnownFileType = file.storyboard; name = Base; path = Base.lproj/LaunchScreen.storyboard; sourceTree = "<group>"; };
		6EED3EA328328E8400481EF7 /* Info.plist */ = {isa = PBXFileReference; lastKnownFileType = text.plist.xml; path = Info.plist; sourceTree = "<group>"; };
		6EED3EAF2832A77500481EF7 /* LoginViewController.swift */ = {isa = PBXFileReference; lastKnownFileType = sourcecode.swift; path = LoginViewController.swift; sourceTree = "<group>"; };
		6EED3EB12832A78800481EF7 /* SignUpViewController.swift */ = {isa = PBXFileReference; lastKnownFileType = sourcecode.swift; path = SignUpViewController.swift; sourceTree = "<group>"; };
		6EED3EB32832AF2E00481EF7 /* GoogleService-Info.plist */ = {isa = PBXFileReference; fileEncoding = 4; lastKnownFileType = text.plist.xml; path = "GoogleService-Info.plist"; sourceTree = "<group>"; };
		6EED3EB62832E44700481EF7 /* Constants.swift */ = {isa = PBXFileReference; lastKnownFileType = sourcecode.swift; path = Constants.swift; sourceTree = "<group>"; };
		6EED3EB82832E52400481EF7 /* Utilities.swift */ = {isa = PBXFileReference; lastKnownFileType = sourcecode.swift; path = Utilities.swift; sourceTree = "<group>"; };
		6EED3EBE28352D7D00481EF7 /* FamilyMemberListController.swift */ = {isa = PBXFileReference; lastKnownFileType = sourcecode.swift; path = FamilyMemberListController.swift; sourceTree = "<group>"; };
		6EED3EC12835320B00481EF7 /* FamilyMember.swift */ = {isa = PBXFileReference; lastKnownFileType = sourcecode.swift; path = FamilyMember.swift; sourceTree = "<group>"; };
		6EED3EC32835338B00481EF7 /* Gender.swift */ = {isa = PBXFileReference; lastKnownFileType = sourcecode.swift; path = Gender.swift; sourceTree = "<group>"; };
		6EED3EC62835382F00481EF7 /* FamilyMemberTableViewCell.swift */ = {isa = PBXFileReference; lastKnownFileType = sourcecode.swift; path = FamilyMemberTableViewCell.swift; sourceTree = "<group>"; };
		6EED3EC72835382F00481EF7 /* FamilyMemberTableViewCell.xib */ = {isa = PBXFileReference; lastKnownFileType = file.xib; path = FamilyMemberTableViewCell.xib; sourceTree = "<group>"; };
		6EED3ECC2835770900481EF7 /* FamilyMemberDetailController.swift */ = {isa = PBXFileReference; lastKnownFileType = sourcecode.swift; path = FamilyMemberDetailController.swift; sourceTree = "<group>"; };
		6EED3ECE2835C3CD00481EF7 /* UITextViewPlaceHolder+extension.swift */ = {isa = PBXFileReference; lastKnownFileType = sourcecode.swift; path = "UITextViewPlaceHolder+extension.swift"; sourceTree = "<group>"; };
		6EED3ED12835D7B700481EF7 /* GenderTableViewController.swift */ = {isa = PBXFileReference; lastKnownFileType = sourcecode.swift; path = GenderTableViewController.swift; sourceTree = "<group>"; };
		6EED3ED32836779A00481EF7 /* UserType.swift */ = {isa = PBXFileReference; lastKnownFileType = sourcecode.swift; path = UserType.swift; sourceTree = "<group>"; };
		6EED3ED52836780300481EF7 /* User.swift */ = {isa = PBXFileReference; lastKnownFileType = sourcecode.swift; path = User.swift; sourceTree = "<group>"; };
		6EF8ADEA2837D04C00EA002E /* UIImageView+Extension.swift */ = {isa = PBXFileReference; lastKnownFileType = sourcecode.swift; path = "UIImageView+Extension.swift"; sourceTree = "<group>"; };
		6EF8ADEC283ACB8700EA002E /* ImageStorageService.swift */ = {isa = PBXFileReference; lastKnownFileType = sourcecode.swift; path = ImageStorageService.swift; sourceTree = "<group>"; };
		6EF8ADEE283ED5F000EA002E /* ShiftListViewController.swift */ = {isa = PBXFileReference; lastKnownFileType = sourcecode.swift; path = ShiftListViewController.swift; sourceTree = "<group>"; };
		6EF8ADF0283EE4FA00EA002E /* ShiftDetailViewController.swift */ = {isa = PBXFileReference; lastKnownFileType = sourcecode.swift; path = ShiftDetailViewController.swift; sourceTree = "<group>"; };
		6EF8ADF2283F150100EA002E /* Shift.swift */ = {isa = PBXFileReference; lastKnownFileType = sourcecode.swift; path = Shift.swift; sourceTree = "<group>"; };
		6EF8ADF4283F15EE00EA002E /* Task.swift */ = {isa = PBXFileReference; lastKnownFileType = sourcecode.swift; path = Task.swift; sourceTree = "<group>"; };
		6EF8ADF6283F180600EA002E /* ShiftDbService.swift */ = {isa = PBXFileReference; lastKnownFileType = sourcecode.swift; path = ShiftDbService.swift; sourceTree = "<group>"; };
		6EF8ADF8283FD18B00EA002E /* TaskListViewController.swift */ = {isa = PBXFileReference; lastKnownFileType = sourcecode.swift; path = TaskListViewController.swift; sourceTree = "<group>"; };
		6EF8ADFA283FD24500EA002E /* TaskDetailViewController.swift */ = {isa = PBXFileReference; lastKnownFileType = sourcecode.swift; path = TaskDetailViewController.swift; sourceTree = "<group>"; };
		6EF8ADFD2840219E00EA002E /* UserDbService.swift */ = {isa = PBXFileReference; lastKnownFileType = sourcecode.swift; path = UserDbService.swift; sourceTree = "<group>"; };
		6EF8ADFF284024BD00EA002E /* FamilyMemberDbService.swift */ = {isa = PBXFileReference; lastKnownFileType = sourcecode.swift; path = FamilyMemberDbService.swift; sourceTree = "<group>"; };
		6EF8AE012841233200EA002E /* CareProviderListController.swift */ = {isa = PBXFileReference; lastKnownFileType = sourcecode.swift; path = CareProviderListController.swift; sourceTree = "<group>"; };
		6EF8AE03284145A100EA002E /* ShiftStatus.swift */ = {isa = PBXFileReference; lastKnownFileType = sourcecode.swift; path = ShiftStatus.swift; sourceTree = "<group>"; };
		6EF8AE07284509DB00EA002E /* SideMenuModel.swift */ = {isa = PBXFileReference; lastKnownFileType = sourcecode.swift; path = SideMenuModel.swift; sourceTree = "<group>"; };
		6EF8AE0928450A4B00EA002E /* SideMenuCell.swift */ = {isa = PBXFileReference; lastKnownFileType = sourcecode.swift; path = SideMenuCell.swift; sourceTree = "<group>"; };
		6EF8AE0A28450A4B00EA002E /* SideMenuCell.xib */ = {isa = PBXFileReference; lastKnownFileType = file.xib; path = SideMenuCell.xib; sourceTree = "<group>"; };
		6EF8AE0D28454CC900EA002E /* PageContainerViewController.swift */ = {isa = PBXFileReference; lastKnownFileType = sourcecode.swift; path = PageContainerViewController.swift; sourceTree = "<group>"; };
		6EF8AE0F284577C400EA002E /* DummyViewController.swift */ = {isa = PBXFileReference; lastKnownFileType = sourcecode.swift; path = DummyViewController.swift; sourceTree = "<group>"; };
		6EF8AE1728457EE800EA002E /* SideNavigationMenuViewController.swift */ = {isa = PBXFileReference; lastKnownFileType = sourcecode.swift; path = SideNavigationMenuViewController.swift; sourceTree = "<group>"; };
		6EF8AE192845B39B00EA002E /* PageId.swift */ = {isa = PBXFileReference; lastKnownFileType = sourcecode.swift; path = PageId.swift; sourceTree = "<group>"; };
		6EF8AE1D28464C7600EA002E /* UserProfileDetailController.swift */ = {isa = PBXFileReference; lastKnownFileType = sourcecode.swift; path = UserProfileDetailController.swift; sourceTree = "<group>"; };
		6EF8AE1F2846C30300EA002E /* DocumentListViewController.swift */ = {isa = PBXFileReference; lastKnownFileType = sourcecode.swift; path = DocumentListViewController.swift; sourceTree = "<group>"; };
		6EF8AE232846CB5700EA002E /* DocumentStorageService.swift */ = {isa = PBXFileReference; lastKnownFileType = sourcecode.swift; path = DocumentStorageService.swift; sourceTree = "<group>"; };
		6EF8AE252847BD5900EA002E /* Document.swift */ = {isa = PBXFileReference; lastKnownFileType = sourcecode.swift; path = Document.swift; sourceTree = "<group>"; };
		6EF8AE27284962C700EA002E /* FileWebDocumentViewController.swift */ = {isa = PBXFileReference; lastKnownFileType = sourcecode.swift; path = FileWebDocumentViewController.swift; sourceTree = "<group>"; };
		A082A6A5131A76C0030AB8F4 /* Pods-ElderlyCareJournal.release.xcconfig */ = {isa = PBXFileReference; includeInIndex = 1; lastKnownFileType = text.xcconfig; name = "Pods-ElderlyCareJournal.release.xcconfig"; path = "Target Support Files/Pods-ElderlyCareJournal/Pods-ElderlyCareJournal.release.xcconfig"; sourceTree = "<group>"; };
		A8D07080012FB5629C7D73FF /* Pods-ElderlyCareJournal.debug.xcconfig */ = {isa = PBXFileReference; includeInIndex = 1; lastKnownFileType = text.xcconfig; name = "Pods-ElderlyCareJournal.debug.xcconfig"; path = "Target Support Files/Pods-ElderlyCareJournal/Pods-ElderlyCareJournal.debug.xcconfig"; sourceTree = "<group>"; };
		FFDDD401A84513A1D3A0E8BC /* Pods_ElderlyCareJournal.framework */ = {isa = PBXFileReference; explicitFileType = wrapper.framework; includeInIndex = 0; path = Pods_ElderlyCareJournal.framework; sourceTree = BUILT_PRODUCTS_DIR; };
/* End PBXFileReference section */

/* Begin PBXFrameworksBuildPhase section */
		6EED3E8F28328E7F00481EF7 /* Frameworks */ = {
			isa = PBXFrameworksBuildPhase;
			buildActionMask = 2147483647;
			files = (
				CDEAA23D60C7EFA3B721A081 /* Pods_ElderlyCareJournal.framework in Frameworks */,
			);
			runOnlyForDeploymentPostprocessing = 0;
		};
/* End PBXFrameworksBuildPhase section */

/* Begin PBXGroup section */
		3E4AEA2C8F7812E128F808C7 /* Frameworks */ = {
			isa = PBXGroup;
			children = (
				FFDDD401A84513A1D3A0E8BC /* Pods_ElderlyCareJournal.framework */,
			);
			name = Frameworks;
			sourceTree = "<group>";
		};
		6EED3E8928328E7F00481EF7 = {
			isa = PBXGroup;
			children = (
				6EED3E9428328E7F00481EF7 /* ElderlyCareJournal */,
				6EED3E9328328E7F00481EF7 /* Products */,
				B9918E707F611D2132F21C87 /* Pods */,
				3E4AEA2C8F7812E128F808C7 /* Frameworks */,
			);
			sourceTree = "<group>";
		};
		6EED3E9328328E7F00481EF7 /* Products */ = {
			isa = PBXGroup;
			children = (
				6EED3E9228328E7F00481EF7 /* ElderlyCareJournal.app */,
			);
			name = Products;
			sourceTree = "<group>";
		};
		6EED3E9428328E7F00481EF7 /* ElderlyCareJournal */ = {
			isa = PBXGroup;
			children = (
				6EF8ADFC2840217300EA002E /* NetworkService */,
				6EED3ED02835C64200481EF7 /* Extension */,
				6EED3EC5283537F500481EF7 /* View */,
				6EED3EC0283531F300481EF7 /* Model */,
				6EED3EB52832E43D00481EF7 /* Helper */,
				6EED3EB32832AF2E00481EF7 /* GoogleService-Info.plist */,
				6EED3EAE2832A75700481EF7 /* ViewController */,
				6EED3E9528328E7F00481EF7 /* AppDelegate.swift */,
				6EED3E9728328E7F00481EF7 /* SceneDelegate.swift */,
				6EED3E9B28328E7F00481EF7 /* Main.storyboard */,
				6EED3E9E28328E8400481EF7 /* Assets.xcassets */,
				6EED3EA028328E8400481EF7 /* LaunchScreen.storyboard */,
				6EED3EA328328E8400481EF7 /* Info.plist */,
			);
			path = ElderlyCareJournal;
			sourceTree = "<group>";
		};
		6EED3EAE2832A75700481EF7 /* ViewController */ = {
			isa = PBXGroup;
			children = (
				6EED3E9928328E7F00481EF7 /* MainViewController.swift */,
				6EED3EAF2832A77500481EF7 /* LoginViewController.swift */,
				6EED3EB12832A78800481EF7 /* SignUpViewController.swift */,
				6EED3EBE28352D7D00481EF7 /* FamilyMemberListController.swift */,
				6EED3ECC2835770900481EF7 /* FamilyMemberDetailController.swift */,
				6EED3ED12835D7B700481EF7 /* GenderTableViewController.swift */,
				6EF8ADEE283ED5F000EA002E /* ShiftListViewController.swift */,
				6EF8ADF0283EE4FA00EA002E /* ShiftDetailViewController.swift */,
				6EF8ADF8283FD18B00EA002E /* TaskListViewController.swift */,
				6EF8ADFA283FD24500EA002E /* TaskDetailViewController.swift */,
				6EF8AE012841233200EA002E /* CareProviderListController.swift */,
				6EF8AE0D28454CC900EA002E /* PageContainerViewController.swift */,
				6EF8AE0F284577C400EA002E /* DummyViewController.swift */,
				6EF8AE1728457EE800EA002E /* SideNavigationMenuViewController.swift */,
				6EF8AE1D28464C7600EA002E /* UserProfileDetailController.swift */,
				6EF8AE1F2846C30300EA002E /* DocumentListViewController.swift */,
				6EF8AE27284962C700EA002E /* FileWebDocumentViewController.swift */,
				6ED94886284E45FB007ADA00 /* ClientListViewController.swift */,
			);
			path = ViewController;
			sourceTree = "<group>";
		};
		6EED3EB52832E43D00481EF7 /* Helper */ = {
			isa = PBXGroup;
			children = (
				6EED3EB62832E44700481EF7 /* Constants.swift */,
				6EED3EB82832E52400481EF7 /* Utilities.swift */,
			);
			path = Helper;
			sourceTree = "<group>";
		};
		6EED3EC0283531F300481EF7 /* Model */ = {
			isa = PBXGroup;
			children = (
				6EED3EC12835320B00481EF7 /* FamilyMember.swift */,
				6EED3EC32835338B00481EF7 /* Gender.swift */,
				6EED3ED32836779A00481EF7 /* UserType.swift */,
				6EED3ED52836780300481EF7 /* User.swift */,
				6EF8ADF2283F150100EA002E /* Shift.swift */,
				6EF8ADF4283F15EE00EA002E /* Task.swift */,
				6EF8AE03284145A100EA002E /* ShiftStatus.swift */,
				6EF8AE07284509DB00EA002E /* SideMenuModel.swift */,
				6EF8AE192845B39B00EA002E /* PageId.swift */,
				6EF8AE252847BD5900EA002E /* Document.swift */,
			);
			path = Model;
			sourceTree = "<group>";
		};
		6EED3EC5283537F500481EF7 /* View */ = {
			isa = PBXGroup;
			children = (
				6EED3EC62835382F00481EF7 /* FamilyMemberTableViewCell.swift */,
				6EED3EC72835382F00481EF7 /* FamilyMemberTableViewCell.xib */,
				6EF8AE0928450A4B00EA002E /* SideMenuCell.swift */,
				6EF8AE0A28450A4B00EA002E /* SideMenuCell.xib */,
			);
			path = View;
			sourceTree = "<group>";
		};
		6EED3ED02835C64200481EF7 /* Extension */ = {
			isa = PBXGroup;
			children = (
				6EED3ECE2835C3CD00481EF7 /* UITextViewPlaceHolder+extension.swift */,
				6EF8ADEA2837D04C00EA002E /* UIImageView+Extension.swift */,
			);
			path = Extension;
			sourceTree = "<group>";
		};
		6EF8ADFC2840217300EA002E /* NetworkService */ = {
			isa = PBXGroup;
			children = (
				6EF8ADEC283ACB8700EA002E /* ImageStorageService.swift */,
				6EF8ADF6283F180600EA002E /* ShiftDbService.swift */,
				6EF8ADFD2840219E00EA002E /* UserDbService.swift */,
				6EF8ADFF284024BD00EA002E /* FamilyMemberDbService.swift */,
				6EF8AE232846CB5700EA002E /* DocumentStorageService.swift */,
			);
			path = NetworkService;
			sourceTree = "<group>";
		};
		B9918E707F611D2132F21C87 /* Pods */ = {
			isa = PBXGroup;
			children = (
				A8D07080012FB5629C7D73FF /* Pods-ElderlyCareJournal.debug.xcconfig */,
				A082A6A5131A76C0030AB8F4 /* Pods-ElderlyCareJournal.release.xcconfig */,
			);
			path = Pods;
			sourceTree = "<group>";
		};
/* End PBXGroup section */

/* Begin PBXNativeTarget section */
		6EED3E9128328E7F00481EF7 /* ElderlyCareJournal */ = {
			isa = PBXNativeTarget;
			buildConfigurationList = 6EED3EA628328E8400481EF7 /* Build configuration list for PBXNativeTarget "ElderlyCareJournal" */;
			buildPhases = (
				DC1F0DFE400C23E5420F4C88 /* [CP] Check Pods Manifest.lock */,
				6EED3E8E28328E7F00481EF7 /* Sources */,
				6EED3E8F28328E7F00481EF7 /* Frameworks */,
				6EED3E9028328E7F00481EF7 /* Resources */,
				99CE78542FDC7BE3B60E4055 /* [CP] Embed Pods Frameworks */,
			);
			buildRules = (
			);
			dependencies = (
			);
			name = ElderlyCareJournal;
			productName = ElderlyCareJournal;
			productReference = 6EED3E9228328E7F00481EF7 /* ElderlyCareJournal.app */;
			productType = "com.apple.product-type.application";
		};
/* End PBXNativeTarget section */

/* Begin PBXProject section */
		6EED3E8A28328E7F00481EF7 /* Project object */ = {
			isa = PBXProject;
			attributes = {
				BuildIndependentTargetsInParallel = 1;
				LastSwiftUpdateCheck = 1330;
				LastUpgradeCheck = 1330;
				TargetAttributes = {
					6EED3E9128328E7F00481EF7 = {
						CreatedOnToolsVersion = 13.3.1;
					};
				};
			};
			buildConfigurationList = 6EED3E8D28328E7F00481EF7 /* Build configuration list for PBXProject "ElderlyCareJournal" */;
			compatibilityVersion = "Xcode 13.0";
			developmentRegion = en;
			hasScannedForEncodings = 0;
			knownRegions = (
				en,
				Base,
			);
			mainGroup = 6EED3E8928328E7F00481EF7;
			productRefGroup = 6EED3E9328328E7F00481EF7 /* Products */;
			projectDirPath = "";
			projectRoot = "";
			targets = (
				6EED3E9128328E7F00481EF7 /* ElderlyCareJournal */,
			);
		};
/* End PBXProject section */

/* Begin PBXResourcesBuildPhase section */
		6EED3E9028328E7F00481EF7 /* Resources */ = {
			isa = PBXResourcesBuildPhase;
			buildActionMask = 2147483647;
			files = (
				6EED3EA228328E8400481EF7 /* LaunchScreen.storyboard in Resources */,
				6EED3EB42832AF2E00481EF7 /* GoogleService-Info.plist in Resources */,
				6EED3E9F28328E8400481EF7 /* Assets.xcassets in Resources */,
				6EED3EC92835382F00481EF7 /* FamilyMemberTableViewCell.xib in Resources */,
				6EED3E9D28328E7F00481EF7 /* Main.storyboard in Resources */,
				6EF8AE0C28450A4B00EA002E /* SideMenuCell.xib in Resources */,
			);
			runOnlyForDeploymentPostprocessing = 0;
		};
/* End PBXResourcesBuildPhase section */

/* Begin PBXShellScriptBuildPhase section */
		99CE78542FDC7BE3B60E4055 /* [CP] Embed Pods Frameworks */ = {
			isa = PBXShellScriptBuildPhase;
			buildActionMask = 2147483647;
			files = (
			);
			inputFileListPaths = (
				"${PODS_ROOT}/Target Support Files/Pods-ElderlyCareJournal/Pods-ElderlyCareJournal-frameworks-${CONFIGURATION}-input-files.xcfilelist",
			);
			name = "[CP] Embed Pods Frameworks";
			outputFileListPaths = (
				"${PODS_ROOT}/Target Support Files/Pods-ElderlyCareJournal/Pods-ElderlyCareJournal-frameworks-${CONFIGURATION}-output-files.xcfilelist",
			);
			runOnlyForDeploymentPostprocessing = 0;
			shellPath = /bin/sh;
			shellScript = "\"${PODS_ROOT}/Target Support Files/Pods-ElderlyCareJournal/Pods-ElderlyCareJournal-frameworks.sh\"\n";
			showEnvVarsInLog = 0;
		};
		DC1F0DFE400C23E5420F4C88 /* [CP] Check Pods Manifest.lock */ = {
			isa = PBXShellScriptBuildPhase;
			buildActionMask = 2147483647;
			files = (
			);
			inputFileListPaths = (
			);
			inputPaths = (
				"${PODS_PODFILE_DIR_PATH}/Podfile.lock",
				"${PODS_ROOT}/Manifest.lock",
			);
			name = "[CP] Check Pods Manifest.lock";
			outputFileListPaths = (
			);
			outputPaths = (
				"$(DERIVED_FILE_DIR)/Pods-ElderlyCareJournal-checkManifestLockResult.txt",
			);
			runOnlyForDeploymentPostprocessing = 0;
			shellPath = /bin/sh;
			shellScript = "diff \"${PODS_PODFILE_DIR_PATH}/Podfile.lock\" \"${PODS_ROOT}/Manifest.lock\" > /dev/null\nif [ $? != 0 ] ; then\n    # print error to STDERR\n    echo \"error: The sandbox is not in sync with the Podfile.lock. Run 'pod install' or update your CocoaPods installation.\" >&2\n    exit 1\nfi\n# This output is used by Xcode 'outputs' to avoid re-running this script phase.\necho \"SUCCESS\" > \"${SCRIPT_OUTPUT_FILE_0}\"\n";
			showEnvVarsInLog = 0;
		};
/* End PBXShellScriptBuildPhase section */

/* Begin PBXSourcesBuildPhase section */
		6EED3E8E28328E7F00481EF7 /* Sources */ = {
			isa = PBXSourcesBuildPhase;
			buildActionMask = 2147483647;
			files = (
				6EED3EC82835382F00481EF7 /* FamilyMemberTableViewCell.swift in Sources */,
				6EED3EB02832A77600481EF7 /* LoginViewController.swift in Sources */,
				6EF8AE022841233200EA002E /* CareProviderListController.swift in Sources */,
				6EED3EC22835320B00481EF7 /* FamilyMember.swift in Sources */,
				6EED3ECF2835C3CD00481EF7 /* UITextViewPlaceHolder+extension.swift in Sources */,
				6EF8AE28284962C700EA002E /* FileWebDocumentViewController.swift in Sources */,
				6EF8ADF5283F15EE00EA002E /* Task.swift in Sources */,
				6EF8ADF9283FD18B00EA002E /* TaskListViewController.swift in Sources */,
				6EF8AE0B28450A4B00EA002E /* SideMenuCell.swift in Sources */,
				6EED3ED62836780300481EF7 /* User.swift in Sources */,
				6EED3E9A28328E7F00481EF7 /* MainViewController.swift in Sources */,
				6EF8AE0E28454CC900EA002E /* PageContainerViewController.swift in Sources */,
				6EED3EBF28352D7D00481EF7 /* FamilyMemberListController.swift in Sources */,
				6EF8ADFB283FD24500EA002E /* TaskDetailViewController.swift in Sources */,
				6EF8ADFE2840219E00EA002E /* UserDbService.swift in Sources */,
				6EF8AE00284024BD00EA002E /* FamilyMemberDbService.swift in Sources */,
				6EED3EB92832E52400481EF7 /* Utilities.swift in Sources */,
				6EED3EC42835338B00481EF7 /* Gender.swift in Sources */,
				6EED3E9628328E7F00481EF7 /* AppDelegate.swift in Sources */,
				6EF8AE242846CB5700EA002E /* DocumentStorageService.swift in Sources */,
				6EF8AE1E28464C7600EA002E /* UserProfileDetailController.swift in Sources */,
				6EF8ADF3283F150100EA002E /* Shift.swift in Sources */,
				6EED3E9828328E7F00481EF7 /* SceneDelegate.swift in Sources */,
				6EF8AE04284145A100EA002E /* ShiftStatus.swift in Sources */,
				6EF8AE08284509DB00EA002E /* SideMenuModel.swift in Sources */,
				6EF8AE1828457EE800EA002E /* SideNavigationMenuViewController.swift in Sources */,
				6EF8ADF7283F180600EA002E /* ShiftDbService.swift in Sources */,
				6EF8AE1A2845B39C00EA002E /* PageId.swift in Sources */,
				6EED3ED22835D7B700481EF7 /* GenderTableViewController.swift in Sources */,
				6EED3ED42836779A00481EF7 /* UserType.swift in Sources */,
				6EF8AE202846C30300EA002E /* DocumentListViewController.swift in Sources */,
				6ED94887284E45FB007ADA00 /* ClientListViewController.swift in Sources */,
				6EF8ADEF283ED5F000EA002E /* ShiftListViewController.swift in Sources */,
				6EED3EB22832A78800481EF7 /* SignUpViewController.swift in Sources */,
				6EED3ECD2835770900481EF7 /* FamilyMemberDetailController.swift in Sources */,
				6EF8ADED283ACB8700EA002E /* ImageStorageService.swift in Sources */,
				6EF8AE10284577C400EA002E /* DummyViewController.swift in Sources */,
				6EF8AE262847BD5900EA002E /* Document.swift in Sources */,
				6EF8ADEB2837D04D00EA002E /* UIImageView+Extension.swift in Sources */,
				6EED3EB72832E44700481EF7 /* Constants.swift in Sources */,
				6EF8ADF1283EE4FA00EA002E /* ShiftDetailViewController.swift in Sources */,
			);
			runOnlyForDeploymentPostprocessing = 0;
		};
/* End PBXSourcesBuildPhase section */

/* Begin PBXVariantGroup section */
		6EED3E9B28328E7F00481EF7 /* Main.storyboard */ = {
			isa = PBXVariantGroup;
			children = (
				6EED3E9C28328E7F00481EF7 /* Base */,
			);
			name = Main.storyboard;
			sourceTree = "<group>";
		};
		6EED3EA028328E8400481EF7 /* LaunchScreen.storyboard */ = {
			isa = PBXVariantGroup;
			children = (
				6EED3EA128328E8400481EF7 /* Base */,
			);
			name = LaunchScreen.storyboard;
			sourceTree = "<group>";
		};
/* End PBXVariantGroup section */

/* Begin XCBuildConfiguration section */
		6EED3EA428328E8400481EF7 /* Debug */ = {
			isa = XCBuildConfiguration;
			buildSettings = {
				ALWAYS_SEARCH_USER_PATHS = NO;
				CLANG_ANALYZER_NONNULL = YES;
				CLANG_ANALYZER_NUMBER_OBJECT_CONVERSION = YES_AGGRESSIVE;
				CLANG_CXX_LANGUAGE_STANDARD = "gnu++17";
				CLANG_ENABLE_MODULES = YES;
				CLANG_ENABLE_OBJC_ARC = YES;
				CLANG_ENABLE_OBJC_WEAK = YES;
				CLANG_WARN_BLOCK_CAPTURE_AUTORELEASING = YES;
				CLANG_WARN_BOOL_CONVERSION = YES;
				CLANG_WARN_COMMA = YES;
				CLANG_WARN_CONSTANT_CONVERSION = YES;
				CLANG_WARN_DEPRECATED_OBJC_IMPLEMENTATIONS = YES;
				CLANG_WARN_DIRECT_OBJC_ISA_USAGE = YES_ERROR;
				CLANG_WARN_DOCUMENTATION_COMMENTS = YES;
				CLANG_WARN_EMPTY_BODY = YES;
				CLANG_WARN_ENUM_CONVERSION = YES;
				CLANG_WARN_INFINITE_RECURSION = YES;
				CLANG_WARN_INT_CONVERSION = YES;
				CLANG_WARN_NON_LITERAL_NULL_CONVERSION = YES;
				CLANG_WARN_OBJC_IMPLICIT_RETAIN_SELF = YES;
				CLANG_WARN_OBJC_LITERAL_CONVERSION = YES;
				CLANG_WARN_OBJC_ROOT_CLASS = YES_ERROR;
				CLANG_WARN_QUOTED_INCLUDE_IN_FRAMEWORK_HEADER = YES;
				CLANG_WARN_RANGE_LOOP_ANALYSIS = YES;
				CLANG_WARN_STRICT_PROTOTYPES = YES;
				CLANG_WARN_SUSPICIOUS_MOVE = YES;
				CLANG_WARN_UNGUARDED_AVAILABILITY = YES_AGGRESSIVE;
				CLANG_WARN_UNREACHABLE_CODE = YES;
				CLANG_WARN__DUPLICATE_METHOD_MATCH = YES;
				COPY_PHASE_STRIP = NO;
				DEBUG_INFORMATION_FORMAT = dwarf;
				ENABLE_STRICT_OBJC_MSGSEND = YES;
				ENABLE_TESTABILITY = YES;
				GCC_C_LANGUAGE_STANDARD = gnu11;
				GCC_DYNAMIC_NO_PIC = NO;
				GCC_NO_COMMON_BLOCKS = YES;
				GCC_OPTIMIZATION_LEVEL = 0;
				GCC_PREPROCESSOR_DEFINITIONS = (
					"DEBUG=1",
					"$(inherited)",
				);
				GCC_WARN_64_TO_32_BIT_CONVERSION = YES;
				GCC_WARN_ABOUT_RETURN_TYPE = YES_ERROR;
				GCC_WARN_UNDECLARED_SELECTOR = YES;
				GCC_WARN_UNINITIALIZED_AUTOS = YES_AGGRESSIVE;
				GCC_WARN_UNUSED_FUNCTION = YES;
				GCC_WARN_UNUSED_VARIABLE = YES;
				IPHONEOS_DEPLOYMENT_TARGET = 15.4;
				MTL_ENABLE_DEBUG_INFO = INCLUDE_SOURCE;
				MTL_FAST_MATH = YES;
				ONLY_ACTIVE_ARCH = YES;
				SDKROOT = iphoneos;
				SWIFT_ACTIVE_COMPILATION_CONDITIONS = DEBUG;
				SWIFT_OPTIMIZATION_LEVEL = "-Onone";
			};
			name = Debug;
		};
		6EED3EA528328E8400481EF7 /* Release */ = {
			isa = XCBuildConfiguration;
			buildSettings = {
				ALWAYS_SEARCH_USER_PATHS = NO;
				CLANG_ANALYZER_NONNULL = YES;
				CLANG_ANALYZER_NUMBER_OBJECT_CONVERSION = YES_AGGRESSIVE;
				CLANG_CXX_LANGUAGE_STANDARD = "gnu++17";
				CLANG_ENABLE_MODULES = YES;
				CLANG_ENABLE_OBJC_ARC = YES;
				CLANG_ENABLE_OBJC_WEAK = YES;
				CLANG_WARN_BLOCK_CAPTURE_AUTORELEASING = YES;
				CLANG_WARN_BOOL_CONVERSION = YES;
				CLANG_WARN_COMMA = YES;
				CLANG_WARN_CONSTANT_CONVERSION = YES;
				CLANG_WARN_DEPRECATED_OBJC_IMPLEMENTATIONS = YES;
				CLANG_WARN_DIRECT_OBJC_ISA_USAGE = YES_ERROR;
				CLANG_WARN_DOCUMENTATION_COMMENTS = YES;
				CLANG_WARN_EMPTY_BODY = YES;
				CLANG_WARN_ENUM_CONVERSION = YES;
				CLANG_WARN_INFINITE_RECURSION = YES;
				CLANG_WARN_INT_CONVERSION = YES;
				CLANG_WARN_NON_LITERAL_NULL_CONVERSION = YES;
				CLANG_WARN_OBJC_IMPLICIT_RETAIN_SELF = YES;
				CLANG_WARN_OBJC_LITERAL_CONVERSION = YES;
				CLANG_WARN_OBJC_ROOT_CLASS = YES_ERROR;
				CLANG_WARN_QUOTED_INCLUDE_IN_FRAMEWORK_HEADER = YES;
				CLANG_WARN_RANGE_LOOP_ANALYSIS = YES;
				CLANG_WARN_STRICT_PROTOTYPES = YES;
				CLANG_WARN_SUSPICIOUS_MOVE = YES;
				CLANG_WARN_UNGUARDED_AVAILABILITY = YES_AGGRESSIVE;
				CLANG_WARN_UNREACHABLE_CODE = YES;
				CLANG_WARN__DUPLICATE_METHOD_MATCH = YES;
				COPY_PHASE_STRIP = NO;
				DEBUG_INFORMATION_FORMAT = "dwarf-with-dsym";
				ENABLE_NS_ASSERTIONS = NO;
				ENABLE_STRICT_OBJC_MSGSEND = YES;
				GCC_C_LANGUAGE_STANDARD = gnu11;
				GCC_NO_COMMON_BLOCKS = YES;
				GCC_WARN_64_TO_32_BIT_CONVERSION = YES;
				GCC_WARN_ABOUT_RETURN_TYPE = YES_ERROR;
				GCC_WARN_UNDECLARED_SELECTOR = YES;
				GCC_WARN_UNINITIALIZED_AUTOS = YES_AGGRESSIVE;
				GCC_WARN_UNUSED_FUNCTION = YES;
				GCC_WARN_UNUSED_VARIABLE = YES;
				IPHONEOS_DEPLOYMENT_TARGET = 15.4;
				MTL_ENABLE_DEBUG_INFO = NO;
				MTL_FAST_MATH = YES;
				SDKROOT = iphoneos;
				SWIFT_COMPILATION_MODE = wholemodule;
				SWIFT_OPTIMIZATION_LEVEL = "-O";
				VALIDATE_PRODUCT = YES;
			};
			name = Release;
		};
		6EED3EA728328E8400481EF7 /* Debug */ = {
			isa = XCBuildConfiguration;
			baseConfigurationReference = A8D07080012FB5629C7D73FF /* Pods-ElderlyCareJournal.debug.xcconfig */;
			buildSettings = {
				ASSETCATALOG_COMPILER_APPICON_NAME = AppIcon;
				ASSETCATALOG_COMPILER_GLOBAL_ACCENT_COLOR_NAME = AccentColor;
				CODE_SIGN_STYLE = Automatic;
				CURRENT_PROJECT_VERSION = 1;
				GENERATE_INFOPLIST_FILE = YES;
				INFOPLIST_FILE = ElderlyCareJournal/Info.plist;
				INFOPLIST_KEY_UIApplicationSupportsIndirectInputEvents = YES;
				INFOPLIST_KEY_UILaunchStoryboardName = LaunchScreen;
				INFOPLIST_KEY_UIMainStoryboardFile = Main;
				INFOPLIST_KEY_UISupportedInterfaceOrientations_iPad = "UIInterfaceOrientationPortrait UIInterfaceOrientationPortraitUpsideDown UIInterfaceOrientationLandscapeLeft UIInterfaceOrientationLandscapeRight";
				INFOPLIST_KEY_UISupportedInterfaceOrientations_iPhone = "UIInterfaceOrientationPortrait UIInterfaceOrientationLandscapeLeft UIInterfaceOrientationLandscapeRight";
				LD_RUNPATH_SEARCH_PATHS = (
					"$(inherited)",
					"@executable_path/Frameworks",
				);
				MARKETING_VERSION = 1.0;
				PRODUCT_BUNDLE_IDENTIFIER = com.rammelbalagtas.ElderlyCareJournal;
				PRODUCT_NAME = "$(TARGET_NAME)";
				SWIFT_EMIT_LOC_STRINGS = YES;
				SWIFT_VERSION = 5.0;
				TARGETED_DEVICE_FAMILY = "1,2";
			};
			name = Debug;
		};
		6EED3EA828328E8400481EF7 /* Release */ = {
			isa = XCBuildConfiguration;
			baseConfigurationReference = A082A6A5131A76C0030AB8F4 /* Pods-ElderlyCareJournal.release.xcconfig */;
			buildSettings = {
				ASSETCATALOG_COMPILER_APPICON_NAME = AppIcon;
				ASSETCATALOG_COMPILER_GLOBAL_ACCENT_COLOR_NAME = AccentColor;
				CODE_SIGN_STYLE = Automatic;
				CURRENT_PROJECT_VERSION = 1;
				GENERATE_INFOPLIST_FILE = YES;
				INFOPLIST_FILE = ElderlyCareJournal/Info.plist;
				INFOPLIST_KEY_UIApplicationSupportsIndirectInputEvents = YES;
				INFOPLIST_KEY_UILaunchStoryboardName = LaunchScreen;
				INFOPLIST_KEY_UIMainStoryboardFile = Main;
				INFOPLIST_KEY_UISupportedInterfaceOrientations_iPad = "UIInterfaceOrientationPortrait UIInterfaceOrientationPortraitUpsideDown UIInterfaceOrientationLandscapeLeft UIInterfaceOrientationLandscapeRight";
				INFOPLIST_KEY_UISupportedInterfaceOrientations_iPhone = "UIInterfaceOrientationPortrait UIInterfaceOrientationLandscapeLeft UIInterfaceOrientationLandscapeRight";
				LD_RUNPATH_SEARCH_PATHS = (
					"$(inherited)",
					"@executable_path/Frameworks",
				);
				MARKETING_VERSION = 1.0;
				PRODUCT_BUNDLE_IDENTIFIER = com.rammelbalagtas.ElderlyCareJournal;
				PRODUCT_NAME = "$(TARGET_NAME)";
				SWIFT_EMIT_LOC_STRINGS = YES;
				SWIFT_VERSION = 5.0;
				TARGETED_DEVICE_FAMILY = "1,2";
			};
			name = Release;
		};
/* End XCBuildConfiguration section */

/* Begin XCConfigurationList section */
		6EED3E8D28328E7F00481EF7 /* Build configuration list for PBXProject "ElderlyCareJournal" */ = {
			isa = XCConfigurationList;
			buildConfigurations = (
				6EED3EA428328E8400481EF7 /* Debug */,
				6EED3EA528328E8400481EF7 /* Release */,
			);
			defaultConfigurationIsVisible = 0;
			defaultConfigurationName = Release;
		};
		6EED3EA628328E8400481EF7 /* Build configuration list for PBXNativeTarget "ElderlyCareJournal" */ = {
			isa = XCConfigurationList;
			buildConfigurations = (
				6EED3EA728328E8400481EF7 /* Debug */,
				6EED3EA828328E8400481EF7 /* Release */,
			);
			defaultConfigurationIsVisible = 0;
			defaultConfigurationName = Release;
		};
/* End XCConfigurationList section */
	};
	rootObject = 6EED3E8A28328E7F00481EF7 /* Project object */;
}
